
Microsoft Visual Studio Solution File, Format Version 12.00
# Visual Studio Version 17
VisualStudioVersion = 17.10.35013.160
MinimumVisualStudioVersion = 10.0.40219.1
Project("{FAE04EC0-301F-11D3-BF4B-00C04F79EFBC}") = "COMP003A.LectureActivity4-1", "COMP003A.LectureActivity4-1.csproj", "{67303417-028E-42A1-8170-0DB04108A57F}"
EndProject
Global
	GlobalSection(SolutionConfigurationPlatforms) = preSolution
		Debug|Any CPU = Debug|Any CPU
		Release|Any CPU = Release|Any CPU
	EndGlobalSection
	GlobalSection(ProjectConfigurationPlatforms) = postSolution
		{67303417-028E-42A1-8170-0DB04108A57F}.Debug|Any CPU.ActiveCfg = Debug|Any CPU
		{67303417-028E-42A1-8170-0DB04108A57F}.Debug|Any CPU.Build.0 = Debug|Any CPU
		{67303417-028E-42A1-8170-0DB04108A57F}.Release|Any CPU.ActiveCfg = Release|Any CPU
		{67303417-028E-42A1-8170-0DB04108A57F}.Release|Any CPU.Build.0 = Release|Any CPU
	EndGlobalSection
	GlobalSection(SolutionProperties) = preSolution
		HideSolutionNode = FALSE
	EndGlobalSection
	GlobalSection(ExtensibilityGlobals) = postSolution
		SolutionGuid = {42E0555B-C851-4D3D-83E2-9A9B94120583}
	EndGlobalSection
EndGlobal
